
Microsoft Visual Studio Solution File, Format Version 12.00
# Visual Studio Version 17
VisualStudioVersion = 17.4.33213.308
MinimumVisualStudioVersion = 10.0.40219.1
Project("{FAE04EC0-301F-11D3-BF4B-00C04F79EFBC}") = "ModernApiVersioning", "ModernApiVersioning\ModernApiVersioning.csproj", "{992D5EDC-4E8B-414F-9607-3FFD324C2EEF}"
EndProject
Global
	GlobalSection(SolutionConfigurationPlatforms) = preSolution
		Debug|Any CPU = Debug|Any CPU
		Release|Any CPU = Release|Any CPU
	EndGlobalSection
	GlobalSection(ProjectConfigurationPlatforms) = postSolution
		{992D5EDC-4E8B-414F-9607-3FFD324C2EEF}.Debug|Any CPU.ActiveCfg = Debug|Any CPU
		{992D5EDC-4E8B-414F-9607-3FFD324C2EEF}.Debug|Any CPU.Build.0 = Debug|Any CPU
		{992D5EDC-4E8B-414F-9607-3FFD324C2EEF}.Release|Any CPU.ActiveCfg = Release|Any CPU
		{992D5EDC-4E8B-414F-9607-3FFD324C2EEF}.Release|Any CPU.Build.0 = Release|Any CPU
	EndGlobalSection
	GlobalSection(SolutionProperties) = preSolution
		HideSolutionNode = FALSE
	EndGlobalSection
	GlobalSection(ExtensibilityGlobals) = postSolution
		SolutionGuid = {9CFEF4CD-7167-48CF-BAC9-3F7FF745F846}
	EndGlobalSection
EndGlobal
